// !$*UTF8*$!
{
	archiveVersion = 1;
	classes = {
	};
	objectVersion = 46;
	objects = {

/* Begin PBXBuildFile section */
		E88885681EC5543C004DCB91 /* main.m in Sources */ = {isa = PBXBuildFile; fileRef = E88885671EC5543C004DCB91 /* main.m */; };
		E888856B1EC5543C004DCB91 /* AppDelegate.m in Sources */ = {isa = PBXBuildFile; fileRef = E888856A1EC5543C004DCB91 /* AppDelegate.m */; };
		E888856E1EC5543C004DCB91 /* ViewController.m in Sources */ = {isa = PBXBuildFile; fileRef = E888856D1EC5543C004DCB91 /* ViewController.m */; };
		E88885711EC5543C004DCB91 /* Main.storyboard in Resources */ = {isa = PBXBuildFile; fileRef = E888856F1EC5543C004DCB91 /* Main.storyboard */; };
		E88885731EC5543C004DCB91 /* Assets.xcassets in Resources */ = {isa = PBXBuildFile; fileRef = E88885721EC5543C004DCB91 /* Assets.xcassets */; };
		E88885761EC5543C004DCB91 /* LaunchScreen.storyboard in Resources */ = {isa = PBXBuildFile; fileRef = E88885741EC5543C004DCB91 /* LaunchScreen.storyboard */; };
		E88885831EC556DB004DCB91 /* ImageBrowserCell.m in Sources */ = {isa = PBXBuildFile; fileRef = E88885821EC556DB004DCB91 /* ImageBrowserCell.m */; };
		E88885861EC5572F004DCB91 /* ImageBrowser.m in Sources */ = {isa = PBXBuildFile; fileRef = E88885851EC5572F004DCB91 /* ImageBrowser.m */; };
		E88885881EC559D8004DCB91 /* placeholder.jpg in Resources */ = {isa = PBXBuildFile; fileRef = E88885871EC559D8004DCB91 /* placeholder.jpg */; };
/* End PBXBuildFile section */

/* Begin PBXFileReference section */
		E88885631EC5543C004DCB91 /* Demo.app */ = {isa = PBXFileReference; explicitFileType = wrapper.application; includeInIndex = 0; path = Demo.app; sourceTree = BUILT_PRODUCTS_DIR; };
		E88885671EC5543C004DCB91 /* main.m */ = {isa = PBXFileReference; lastKnownFileType = sourcecode.c.objc; path = main.m; sourceTree = "<group>"; };
		E88885691EC5543C004DCB91 /* AppDelegate.h */ = {isa = PBXFileReference; lastKnownFileType = sourcecode.c.h; path = AppDelegate.h; sourceTree = "<group>"; };
		E888856A1EC5543C004DCB91 /* AppDelegate.m */ = {isa = PBXFileReference; lastKnownFileType = sourcecode.c.objc; path = AppDelegate.m; sourceTree = "<group>"; };
		E888856C1EC5543C004DCB91 /* ViewController.h */ = {isa = PBXFileReference; lastKnownFileType = sourcecode.c.h; path = ViewController.h; sourceTree = "<group>"; };
		E888856D1EC5543C004DCB91 /* ViewController.m */ = {isa = PBXFileReference; lastKnownFileType = sourcecode.c.objc; path = ViewController.m; sourceTree = "<group>"; };
		E88885701EC5543C004DCB91 /* Base */ = {isa = PBXFileReference; lastKnownFileType = file.storyboard; name = Base; path = Base.lproj/Main.storyboard; sourceTree = "<group>"; };
		E88885721EC5543C004DCB91 /* Assets.xcassets */ = {isa = PBXFileReference; lastKnownFileType = folder.assetcatalog; path = Assets.xcassets; sourceTree = "<group>"; };
		E88885751EC5543C004DCB91 /* Base */ = {isa = PBXFileReference; lastKnownFileType = file.storyboard; name = Base; path = Base.lproj/LaunchScreen.storyboard; sourceTree = "<group>"; };
		E88885771EC5543C004DCB91 /* Info.plist */ = {isa = PBXFileReference; lastKnownFileType = text.plist.xml; path = Info.plist; sourceTree = "<group>"; };
		E88885811EC556DB004DCB91 /* ImageBrowserCell.h */ = {isa = PBXFileReference; fileEncoding = 4; lastKnownFileType = sourcecode.c.h; path = ImageBrowserCell.h; sourceTree = "<group>"; };
		E88885821EC556DB004DCB91 /* ImageBrowserCell.m */ = {isa = PBXFileReference; fileEncoding = 4; lastKnownFileType = sourcecode.c.objc; path = ImageBrowserCell.m; sourceTree = "<group>"; };
		E88885841EC5572F004DCB91 /* ImageBrowser.h */ = {isa = PBXFileReference; fileEncoding = 4; lastKnownFileType = sourcecode.c.h; path = ImageBrowser.h; sourceTree = "<group>"; };
		E88885851EC5572F004DCB91 /* ImageBrowser.m */ = {isa = PBXFileReference; fileEncoding = 4; lastKnownFileType = sourcecode.c.objc; path = ImageBrowser.m; sourceTree = "<group>"; };
		E88885871EC559D8004DCB91 /* placeholder.jpg */ = {isa = PBXFileReference; lastKnownFileType = image.jpeg; path = placeholder.jpg; sourceTree = "<group>"; };
/* End PBXFileReference section */

/* Begin PBXFrameworksBuildPhase section */
		E88885601EC5543C004DCB91 /* Frameworks */ = {
			isa = PBXFrameworksBuildPhase;
			buildActionMask = 2147483647;
			files = (
			);
			runOnlyForDeploymentPostprocessing = 0;
		};
/* End PBXFrameworksBuildPhase section */

/* Begin PBXGroup section */
		E888855A1EC5543C004DCB91 = {
			isa = PBXGroup;
			children = (
				E88885651EC5543C004DCB91 /* Demo */,
				E88885641EC5543C004DCB91 /* Products */,
			);
			sourceTree = "<group>";
		};
		E88885641EC5543C004DCB91 /* Products */ = {
			isa = PBXGroup;
			children = (
				E88885631EC5543C004DCB91 /* Demo.app */,
			);
			name = Products;
			sourceTree = "<group>";
		};
		E88885651EC5543C004DCB91 /* Demo */ = {
			isa = PBXGroup;
			children = (
				E88885691EC5543C004DCB91 /* AppDelegate.h */,
				E888856A1EC5543C004DCB91 /* AppDelegate.m */,
				E888856C1EC5543C004DCB91 /* ViewController.h */,
				E888856D1EC5543C004DCB91 /* ViewController.m */,
				E888857D1EC554E2004DCB91 /* ImageBrowser */,
				E888856F1EC5543C004DCB91 /* Main.storyboard */,
				E88885721EC5543C004DCB91 /* Assets.xcassets */,
				E88885741EC5543C004DCB91 /* LaunchScreen.storyboard */,
				E88885771EC5543C004DCB91 /* Info.plist */,
				E88885661EC5543C004DCB91 /* Supporting Files */,
			);
			path = Demo;
			sourceTree = "<group>";
		};
		E88885661EC5543C004DCB91 /* Supporting Files */ = {
			isa = PBXGroup;
			children = (
				E88885671EC5543C004DCB91 /* main.m */,
			);
			name = "Supporting Files";
			sourceTree = "<group>";
		};
		E888857D1EC554E2004DCB91 /* ImageBrowser */ = {
			isa = PBXGroup;
			children = (
				E88885841EC5572F004DCB91 /* ImageBrowser.h */,
				E88885851EC5572F004DCB91 /* ImageBrowser.m */,
				E88885811EC556DB004DCB91 /* ImageBrowserCell.h */,
				E88885821EC556DB004DCB91 /* ImageBrowserCell.m */,
				E88885871EC559D8004DCB91 /* placeholder.jpg */,
			);
			path = ImageBrowser;
			sourceTree = "<group>";
		};
/* End PBXGroup section */

/* Begin PBXNativeTarget section */
		E88885621EC5543C004DCB91 /* Demo */ = {
			isa = PBXNativeTarget;
			buildConfigurationList = E888857A1EC5543C004DCB91 /* Build configuration list for PBXNativeTarget "Demo" */;
			buildPhases = (
				E888855F1EC5543C004DCB91 /* Sources */,
				E88885601EC5543C004DCB91 /* Frameworks */,
				E88885611EC5543C004DCB91 /* Resources */,
			);
			buildRules = (
			);
			dependencies = (
			);
			name = Demo;
			productName = Demo;
			productReference = E88885631EC5543C004DCB91 /* Demo.app */;
			productType = "com.apple.product-type.application";
		};
/* End PBXNativeTarget section */

/* Begin PBXProject section */
		E888855B1EC5543C004DCB91 /* Project object */ = {
			isa = PBXProject;
			attributes = {
				LastUpgradeCheck = 0830;
				ORGANIZATIONNAME = wxh;
				TargetAttributes = {
					E88885621EC5543C004DCB91 = {
						CreatedOnToolsVersion = 8.3;
						ProvisioningStyle = Automatic;
					};
				};
			};
			buildConfigurationList = E888855E1EC5543C004DCB91 /* Build configuration list for PBXProject "Demo" */;
			compatibilityVersion = "Xcode 3.2";
			developmentRegion = English;
			hasScannedForEncodings = 0;
			knownRegions = (
				en,
				Base,
			);
			mainGroup = E888855A1EC5543C004DCB91;
			productRefGroup = E88885641EC5543C004DCB91 /* Products */;
			projectDirPath = "";
			projectRoot = "";
			targets = (
				E88885621EC5543C004DCB91 /* Demo */,
			);
		};
/* End PBXProject section */

/* Begin PBXResourcesBuildPhase section */
		E88885611EC5543C004DCB91 /* Resources */ = {
			isa = PBXResourcesBuildPhase;
			buildActionMask = 2147483647;
			files = (
				E88885761EC5543C004DCB91 /* LaunchScreen.storyboard in Resources */,
				E88885881EC559D8004DCB91 /* placeholder.jpg in Resources */,
				E88885731EC5543C004DCB91 /* Assets.xcassets in Resources */,
				E88885711EC5543C004DCB91 /* Main.storyboard in Resources */,
			);
			runOnlyForDeploymentPostprocessing = 0;
		};
/* End PBXResourcesBuildPhase section */

/* Begin PBXSourcesBuildPhase section */
		E888855F1EC5543C004DCB91 /* Sources */ = {
			isa = PBXSourcesBuildPhase;
			buildActionMask = 2147483647;
			files = (
				E888856E1EC5543C004DCB91 /* ViewController.m in Sources */,
				E888856B1EC5543C004DCB91 /* AppDelegate.m in Sources */,
				E88885861EC5572F004DCB91 /* ImageBrowser.m in Sources */,
				E88885831EC556DB004DCB91 /* ImageBrowserCell.m in Sources */,
				E88885681EC5543C004DCB91 /* main.m in Sources */,
			);
			runOnlyForDeploymentPostprocessing = 0;
		};
/* End PBXSourcesBuildPhase section */

/* Begin PBXVariantGroup section */
		E888856F1EC5543C004DCB91 /* Main.storyboard */ = {
			isa = PBXVariantGroup;
			children = (
				E88885701EC5543C004DCB91 /* Base */,
			);
			name = Main.storyboard;
			sourceTree = "<group>";
		};
		E88885741EC5543C004DCB91 /* LaunchScreen.storyboard */ = {
			isa = PBXVariantGroup;
			children = (
				E88885751EC5543C004DCB91 /* Base */,
			);
			name = LaunchScreen.storyboard;
			sourceTree = "<group>";
		};
/* End PBXVariantGroup section */

/* Begin XCBuildConfiguration section */
		E88885781EC5543C004DCB91 /* Debug */ = {
			isa = XCBuildConfiguration;
			buildSettings = {
				ALWAYS_SEARCH_USER_PATHS = NO;
				CLANG_ANALYZER_NONNULL = YES;
				CLANG_ANALYZER_NUMBER_OBJECT_CONVERSION = YES_AGGRESSIVE;
				CLANG_CXX_LANGUAGE_STANDARD = "gnu++0x";
				CLANG_CXX_LIBRARY = "libc++";
				CLANG_ENABLE_MODULES = YES;
				CLANG_ENABLE_OBJC_ARC = YES;
				CLANG_WARN_BOOL_CONVERSION = YES;
				CLANG_WARN_CONSTANT_CONVERSION = YES;
				CLANG_WARN_DIRECT_OBJC_ISA_USAGE = YES_ERROR;
				CLANG_WARN_DOCUMENTATION_COMMENTS = YES;
				CLANG_WARN_EMPTY_BODY = YES;
				CLANG_WARN_ENUM_CONVERSION = YES;
				CLANG_WARN_INFINITE_RECURSION = YES;
				CLANG_WARN_INT_CONVERSION = YES;
				CLANG_WARN_OBJC_ROOT_CLASS = YES_ERROR;
				CLANG_WARN_SUSPICIOUS_MOVE = YES;
				CLANG_WARN_UNREACHABLE_CODE = YES;
				CLANG_WARN__DUPLICATE_METHOD_MATCH = YES;
				"CODE_SIGN_IDENTITY[sdk=iphoneos*]" = "iPhone Developer";
				COPY_PHASE_STRIP = NO;
				DEBUG_INFORMATION_FORMAT = dwarf;
				ENABLE_STRICT_OBJC_MSGSEND = YES;
				ENABLE_TESTABILITY = YES;
				GCC_C_LANGUAGE_STANDARD = gnu99;
				GCC_DYNAMIC_NO_PIC = NO;
				GCC_NO_COMMON_BLOCKS = YES;
				GCC_OPTIMIZATION_LEVEL = 0;
				GCC_PREPROCESSOR_DEFINITIONS = (
					"DEBUG=1",
					"$(inherited)",
				);
				GCC_WARN_64_TO_32_BIT_CONVERSION = YES;
				GCC_WARN_ABOUT_RETURN_TYPE = YES_ERROR;
				GCC_WARN_UNDECLARED_SELECTOR = YES;
				GCC_WARN_UNINITIALIZED_AUTOS = YES_AGGRESSIVE;
				GCC_WARN_UNUSED_FUNCTION = YES;
				GCC_WARN_UNUSED_VARIABLE = YES;
				IPHONEOS_DEPLOYMENT_TARGET = 10.3;
				MTL_ENABLE_DEBUG_INFO = YES;
				ONLY_ACTIVE_ARCH = YES;
				SDKROOT = iphoneos;
				TARGETED_DEVICE_FAMILY = "1,2";
			};
			name = Debug;
		};
		E88885791EC5543C004DCB91 /* Release */ = {
			isa = XCBuildConfiguration;
			buildSettings = {
				ALWAYS_SEARCH_USER_PATHS = NO;
				CLANG_ANALYZER_NONNULL = YES;
				CLANG_ANALYZER_NUMBER_OBJECT_CONVERSION = YES_AGGRESSIVE;
				CLANG_CXX_LANGUAGE_STANDARD = "gnu++0x";
				CLANG_CXX_LIBRARY = "libc++";
				CLANG_ENABLE_MODULES = YES;
				CLANG_ENABLE_OBJC_ARC = YES;
				CLANG_WARN_BOOL_CONVERSION = YES;
				CLANG_WARN_CONSTANT_CONVERSION = YES;
				CLANG_WARN_DIRECT_OBJC_ISA_USAGE = YES_ERROR;
				CLANG_WARN_DOCUMENTATION_COMMENTS = YES;
				CLANG_WARN_EMPTY_BODY = YES;
				CLANG_WARN_ENUM_CONVERSION = YES;
				CLANG_WARN_INFINITE_RECURSION = YES;
				CLANG_WARN_INT_CONVERSION = YES;
				CLANG_WARN_OBJC_ROOT_CLASS = YES_ERROR;
				CLANG_WARN_SUSPICIOUS_MOVE = YES;
				CLANG_WARN_UNREACHABLE_CODE = YES;
				CLANG_WARN__DUPLICATE_METHOD_MATCH = YES;
				"CODE_SIGN_IDENTITY[sdk=iphoneos*]" = "iPhone Developer";
				COPY_PHASE_STRIP = NO;
				DEBUG_INFORMATION_FORMAT = "dwarf-with-dsym";
				ENABLE_NS_ASSERTIONS = NO;
				ENABLE_STRICT_OBJC_MSGSEND = YES;
				GCC_C_LANGUAGE_STANDARD = gnu99;
				GCC_NO_COMMON_BLOCKS = YES;
				GCC_WARN_64_TO_32_BIT_CONVERSION = YES;
				GCC_WARN_ABOUT_RETURN_TYPE = YES_ERROR;
				GCC_WARN_UNDECLARED_SELECTOR = YES;
				GCC_WARN_UNINITIALIZED_AUTOS = YES_AGGRESSIVE;
				GCC_WARN_UNUSED_FUNCTION = YES;
				GCC_WARN_UNUSED_VARIABLE = YES;
				IPHONEOS_DEPLOYMENT_TARGET = 10.3;
				MTL_ENABLE_DEBUG_INFO = NO;
				SDKROOT = iphoneos;
				TARGETED_DEVICE_FAMILY = "1,2";
				VALIDATE_PRODUCT = YES;
			};
			name = Release;
		};
		E888857B1EC5543C004DCB91 /* Debug */ = {
			isa = XCBuildConfiguration;
			buildSettings = {
				ASSETCATALOG_COMPILER_APPICON_NAME = AppIcon;
				INFOPLIST_FILE = Demo/Info.plist;
				LD_RUNPATH_SEARCH_PATHS = "$(inherited) @executable_path/Frameworks";
				PRODUCT_BUNDLE_IDENTIFIER = com.yuansiwei.Demo;
				PRODUCT_NAME = "$(TARGET_NAME)";
			};
			name = Debug;
		};
		E888857C1EC5543C004DCB91 /* Release */ = {
			isa = XCBuildConfiguration;
			buildSettings = {
				ASSETCATALOG_COMPILER_APPICON_NAME = AppIcon;
				INFOPLIST_FILE = Demo/Info.plist;
				LD_RUNPATH_SEARCH_PATHS = "$(inherited) @executable_path/Frameworks";
				PRODUCT_BUNDLE_IDENTIFIER = com.yuansiwei.Demo;
				PRODUCT_NAME = "$(TARGET_NAME)";
			};
			name = Release;
		};
/* End XCBuildConfiguration section */

/* Begin XCConfigurationList section */
		E888855E1EC5543C004DCB91 /* Build configuration list for PBXProject "Demo" */ = {
			isa = XCConfigurationList;
			buildConfigurations = (
				E88885781EC5543C004DCB91 /* Debug */,
				E88885791EC5543C004DCB91 /* Release */,
			);
			defaultConfigurationIsVisible = 0;
			defaultConfigurationName = Release;
		};
		E888857A1EC5543C004DCB91 /* Build configuration list for PBXNativeTarget "Demo" */ = {
			isa = XCConfigurationList;
			buildConfigurations = (
				E888857B1EC5543C004DCB91 /* Debug */,
				E888857C1EC5543C004DCB91 /* Release */,
			);
			defaultConfigurationIsVisible = 0;
		};
/* End XCConfigurationList section */
	};
	rootObject = E888855B1EC5543C004DCB91 /* Project object */;
}
